// !$*UTF8*$!
{
	archiveVersion = 1;
	classes = {
	};
	objectVersion = 55;
	objects = {

/* Begin PBXBuildFile section */
		022CD1EDE0D8FD24E79D7EC4 /* SettingsView.swift in Sources */ = {isa = PBXBuildFile; fileRef = 85B845A09FFF37A30E42F8AD /* SettingsView.swift */; };
		14F63D0DD17498F8D19281CE /* ReportService.swift in Sources */ = {isa = PBXBuildFile; fileRef = 73101DD08DD589D7A796A7FC /* ReportService.swift */; };
		43211D785ACF16A6D7E74A1D /* DeviceGuardKitExtension.xcframework in Frameworks */ = {isa = PBXBuildFile; fileRef = 224B3215B19DC43DBAB4B62F /* DeviceGuardKitExtension.xcframework */; };
		434ABAA6B5205D81E1CC0ED7 /* AppConstants.swift in Sources */ = {isa = PBXBuildFile; fileRef = ADE65D672F36C0400D71F539 /* AppConstants.swift */; };
		4A73D575E95F724DCC93C6C0 /* StatusManager.swift in Sources */ = {isa = PBXBuildFile; fileRef = 8DBA671E2B506DEB3AC3B620 /* StatusManager.swift */; };
		4B9337D5B9E674B8ED2373D6 /* DeviceGuardKit.xcframework in Frameworks */ = {isa = PBXBuildFile; fileRef = EBCDD19658450E1E0985EAC0 /* DeviceGuardKit.xcframework */; };
		5A72BA19915CC1D760A125FD /* StatusCollector.swift in Sources */ = {isa = PBXBuildFile; fileRef = 9E984A450ADE40AA395B1058 /* StatusCollector.swift */; };
		5CA2E7C9C70D6B776684BBE9 /* DeviceGuardKit.xcframework in Frameworks */ = {isa = PBXBuildFile; fileRef = EBCDD19658450E1E0985EAC0 /* DeviceGuardKit.xcframework */; };
		62A8BBCDE83BEF863CD25825 /* DeviceGuardKitExtension.xcframework in Embed Frameworks */ = {isa = PBXBuildFile; fileRef = 224B3215B19DC43DBAB4B62F /* DeviceGuardKitExtension.xcframework */; settings = {ATTRIBUTES = (CodeSignOnCopy, RemoveHeadersOnCopy, ); }; };
		691CC3458B261DDC4C960030 /* DeviceStatus.swift in Sources */ = {isa = PBXBuildFile; fileRef = 8C6CC59DB4FF850A950DBAAE /* DeviceStatus.swift */; };
		6DB3216AFA4FB0CDAC8A2409 /* DeviceActivityMonitorExtension.swift in Sources */ = {isa = PBXBuildFile; fileRef = 92DC228EEFCFE12F4DB47850 /* DeviceActivityMonitorExtension.swift */; };
		6FC542BCB917CB668D5AFA74 /* AgentAppApp.swift in Sources */ = {isa = PBXBuildFile; fileRef = DC5F56DE9CCC8F1EE2AD4C52 /* AgentAppApp.swift */; };
		743205522086B067568FA209 /* DeviceMonitor.appex in Embed Foundation Extensions */ = {isa = PBXBuildFile; fileRef = 366BF51CB3F95A891DA5CD69 /* DeviceMonitor.appex */; settings = {ATTRIBUTES = (RemoveHeadersOnCopy, ); }; };
		A7A19AA02D8860CC3FD3F0B9 /* DashboardView.swift in Sources */ = {isa = PBXBuildFile; fileRef = 8527172CBFD05417C4412870 /* DashboardView.swift */; };
		A96EFC62A00809AEAFD37AF0 /* UsageStats.swift in Sources */ = {isa = PBXBuildFile; fileRef = A96F03D859150E04900A1096 /* UsageStats.swift */; };
		C3492C8F246948F65D7A8C9B /* DeviceGuardKit.xcframework in Embed Frameworks */ = {isa = PBXBuildFile; fileRef = EBCDD19658450E1E0985EAC0 /* DeviceGuardKit.xcframework */; settings = {ATTRIBUTES = (CodeSignOnCopy, RemoveHeadersOnCopy, ); }; };
		E6B09C87F3A318555BC7C1CC /* UsageService.swift in Sources */ = {isa = PBXBuildFile; fileRef = A55A187D7A28FBAA77F54746 /* UsageService.swift */; };
/* End PBXBuildFile section */

/* Begin PBXContainerItemProxy section */
		A838FBA8CFA781976A526ECE /* PBXContainerItemProxy */ = {
			isa = PBXContainerItemProxy;
			containerPortal = 60CD07B779F0ABE19D0C0982 /* Project object */;
			proxyType = 1;
			remoteGlobalIDString = 449C9D58046050D777BEC872;
			remoteInfo = DeviceMonitor;
		};
/* End PBXContainerItemProxy section */

/* Begin PBXCopyFilesBuildPhase section */
		18D25E69595FB76B48B4A4B5 /* Embed Frameworks */ = {
			isa = PBXCopyFilesBuildPhase;
			buildActionMask = 2147483647;
			dstPath = "";
			dstSubfolderSpec = 10;
			files = (
			);
			name = "Embed Frameworks";
			runOnlyForDeploymentPostprocessing = 0;
		};
		6AB9BE0E384B395E90A54F17 /* Embed Foundation Extensions */ = {
			isa = PBXCopyFilesBuildPhase;
			buildActionMask = 2147483647;
			dstSubfolderSpec = 13;
			files = (
				743205522086B067568FA209 /* DeviceMonitor.appex in Embed Foundation Extensions */,
			);
			name = "Embed Foundation Extensions";
			runOnlyForDeploymentPostprocessing = 0;
		};
		DD3F29375631EBA6584889C4 /* Embed Frameworks */ = {
			isa = PBXCopyFilesBuildPhase;
			buildActionMask = 2147483647;
			dstPath = "";
			dstSubfolderSpec = 10;
			files = (
				C3492C8F246948F65D7A8C9B /* DeviceGuardKit.xcframework in Embed Frameworks */,
				62A8BBCDE83BEF863CD25825 /* DeviceGuardKitExtension.xcframework in Embed Frameworks */,
			);
			name = "Embed Frameworks";
			runOnlyForDeploymentPostprocessing = 0;
		};
/* End PBXCopyFilesBuildPhase section */

/* Begin PBXFileReference section */
		15225B7C2F2F57C32565AA86 /* DeviceMonitor.entitlements */ = {isa = PBXFileReference; lastKnownFileType = text.plist.entitlements; path = DeviceMonitor.entitlements; sourceTree = "<group>"; };
		224B3215B19DC43DBAB4B62F /* DeviceGuardKitExtension.xcframework */ = {isa = PBXFileReference; lastKnownFileType = wrapper.xcframework; path = DeviceGuardKitExtension.xcframework; sourceTree = "<group>"; };
		366BF51CB3F95A891DA5CD69 /* DeviceMonitor.appex */ = {isa = PBXFileReference; explicitFileType = "wrapper.app-extension"; includeInIndex = 0; path = DeviceMonitor.appex; sourceTree = BUILT_PRODUCTS_DIR; };
		66C69D1E6FCE9D46163665D7 /* DeviceMonitor-Info.plist */ = {isa = PBXFileReference; lastKnownFileType = text.plist; path = "DeviceMonitor-Info.plist"; sourceTree = "<group>"; };
		73101DD08DD589D7A796A7FC /* ReportService.swift */ = {isa = PBXFileReference; lastKnownFileType = sourcecode.swift; path = ReportService.swift; sourceTree = "<group>"; };
		825B70D99FE0285C955C0703 /* AgentApp.app */ = {isa = PBXFileReference; explicitFileType = wrapper.application; includeInIndex = 0; path = AgentApp.app; sourceTree = BUILT_PRODUCTS_DIR; };
		8527172CBFD05417C4412870 /* DashboardView.swift */ = {isa = PBXFileReference; lastKnownFileType = sourcecode.swift; path = DashboardView.swift; sourceTree = "<group>"; };
		85B845A09FFF37A30E42F8AD /* SettingsView.swift */ = {isa = PBXFileReference; lastKnownFileType = sourcecode.swift; path = SettingsView.swift; sourceTree = "<group>"; };
		8C6CC59DB4FF850A950DBAAE /* DeviceStatus.swift */ = {isa = PBXFileReference; lastKnownFileType = sourcecode.swift; path = DeviceStatus.swift; sourceTree = "<group>"; };
		8DBA671E2B506DEB3AC3B620 /* StatusManager.swift */ = {isa = PBXFileReference; lastKnownFileType = sourcecode.swift; path = StatusManager.swift; sourceTree = "<group>"; };
		92DC228EEFCFE12F4DB47850 /* DeviceActivityMonitorExtension.swift */ = {isa = PBXFileReference; lastKnownFileType = sourcecode.swift; path = DeviceActivityMonitorExtension.swift; sourceTree = "<group>"; };
		9A95B26F3F92D6C734BF0A2E /* AgentApp-Info.plist */ = {isa = PBXFileReference; lastKnownFileType = text.plist; path = "AgentApp-Info.plist"; sourceTree = "<group>"; };
		9E984A450ADE40AA395B1058 /* StatusCollector.swift */ = {isa = PBXFileReference; lastKnownFileType = sourcecode.swift; path = StatusCollector.swift; sourceTree = "<group>"; };
		A55A187D7A28FBAA77F54746 /* UsageService.swift */ = {isa = PBXFileReference; lastKnownFileType = sourcecode.swift; path = UsageService.swift; sourceTree = "<group>"; };
		A96F03D859150E04900A1096 /* UsageStats.swift */ = {isa = PBXFileReference; lastKnownFileType = sourcecode.swift; path = UsageStats.swift; sourceTree = "<group>"; };
		A9DE13D382EE313FED8D67FF /* AgentApp.entitlements */ = {isa = PBXFileReference; lastKnownFileType = text.plist.entitlements; path = AgentApp.entitlements; sourceTree = "<group>"; };
		ADE65D672F36C0400D71F539 /* AppConstants.swift */ = {isa = PBXFileReference; lastKnownFileType = sourcecode.swift; path = AppConstants.swift; sourceTree = "<group>"; };
		DC5F56DE9CCC8F1EE2AD4C52 /* AgentAppApp.swift */ = {isa = PBXFileReference; lastKnownFileType = sourcecode.swift; path = AgentAppApp.swift; sourceTree = "<group>"; };
		EBCDD19658450E1E0985EAC0 /* DeviceGuardKit.xcframework */ = {isa = PBXFileReference; lastKnownFileType = wrapper.xcframework; path = DeviceGuardKit.xcframework; sourceTree = "<group>"; };
/* End PBXFileReference section */

/* Begin PBXFrameworksBuildPhase section */
		298ADACAC4CAA9376EC94C74 /* Frameworks */ = {
			isa = PBXFrameworksBuildPhase;
			buildActionMask = 2147483647;
			files = (
				4B9337D5B9E674B8ED2373D6 /* DeviceGuardKit.xcframework in Frameworks */,
			);
			runOnlyForDeploymentPostprocessing = 0;
		};
		298B08BC980FDD67FB5F48AA /* Frameworks */ = {
			isa = PBXFrameworksBuildPhase;
			buildActionMask = 2147483647;
			files = (
				5CA2E7C9C70D6B776684BBE9 /* DeviceGuardKit.xcframework in Frameworks */,
				43211D785ACF16A6D7E74A1D /* DeviceGuardKitExtension.xcframework in Frameworks */,
			);
			runOnlyForDeploymentPostprocessing = 0;
		};
/* End PBXFrameworksBuildPhase section */

/* Begin PBXGroup section */
		2F213173C03540DEBD06DB8B /* Frameworks */ = {
			isa = PBXGroup;
			children = (
				EBCDD19658450E1E0985EAC0 /* DeviceGuardKit.xcframework */,
				224B3215B19DC43DBAB4B62F /* DeviceGuardKitExtension.xcframework */,
			);
			path = Frameworks;
			sourceTree = "<group>";
		};
		3153EC4BA191CD7655D730D4 /* Views */ = {
			isa = PBXGroup;
			children = (
				8527172CBFD05417C4412870 /* DashboardView.swift */,
				85B845A09FFF37A30E42F8AD /* SettingsView.swift */,
			);
			path = Views;
			sourceTree = "<group>";
		};
		4B186EAAC510F047FF8DE84C /* Entitlements */ = {
			isa = PBXGroup;
			children = (
				A9DE13D382EE313FED8D67FF /* AgentApp.entitlements */,
				15225B7C2F2F57C32565AA86 /* DeviceMonitor.entitlements */,
			);
			path = Entitlements;
			sourceTree = "<group>";
		};
		6C483EB300B8825F8C2C0276 /* Models */ = {
			isa = PBXGroup;
			children = (
				8C6CC59DB4FF850A950DBAAE /* DeviceStatus.swift */,
				A96F03D859150E04900A1096 /* UsageStats.swift */,
			);
			path = Models;
			sourceTree = "<group>";
		};
		73ACD115F2B5D2509ECA864C /* Products */ = {
			isa = PBXGroup;
			children = (
				825B70D99FE0285C955C0703 /* AgentApp.app */,
				366BF51CB3F95A891DA5CD69 /* DeviceMonitor.appex */,
			);
			name = Products;
			sourceTree = "<group>";
		};
		8960799B4BEA61A654388950 = {
			isa = PBXGroup;
			children = (
				73ACD115F2B5D2509ECA864C /* Products */,
				8E10FAFEB4E1BC5C49348C09 /* Project */,
			);
			sourceTree = "<group>";
		};
		8E10FAFEB4E1BC5C49348C09 /* Project */ = {
			isa = PBXGroup;
			children = (
				A062025E3159F075D97FF775 /* AgentApp */,
				BC23BD1E885B5D02B32FA95A /* Derived */,
				B55CC2A07301F247B4DA1D2D /* DeviceMonitor */,
				2F213173C03540DEBD06DB8B /* Frameworks */,
			);
			name = Project;
			sourceTree = "<group>";
		};
		8FCA2CDF5D34D3C51004F1B0 /* Sources */ = {
			isa = PBXGroup;
			children = (
				6C483EB300B8825F8C2C0276 /* Models */,
				952664F219FCFBBA3E8DE202 /* Services */,
				3153EC4BA191CD7655D730D4 /* Views */,
				DC5F56DE9CCC8F1EE2AD4C52 /* AgentAppApp.swift */,
				ADE65D672F36C0400D71F539 /* AppConstants.swift */,
			);
			path = Sources;
			sourceTree = "<group>";
		};
		952664F219FCFBBA3E8DE202 /* Services */ = {
			isa = PBXGroup;
			children = (
				73101DD08DD589D7A796A7FC /* ReportService.swift */,
				9E984A450ADE40AA395B1058 /* StatusCollector.swift */,
				8DBA671E2B506DEB3AC3B620 /* StatusManager.swift */,
				A55A187D7A28FBAA77F54746 /* UsageService.swift */,
			);
			path = Services;
			sourceTree = "<group>";
		};
		A062025E3159F075D97FF775 /* AgentApp */ = {
			isa = PBXGroup;
			children = (
				8FCA2CDF5D34D3C51004F1B0 /* Sources */,
			);
			path = AgentApp;
			sourceTree = "<group>";
		};
		B55CC2A07301F247B4DA1D2D /* DeviceMonitor */ = {
			isa = PBXGroup;
			children = (
				92DC228EEFCFE12F4DB47850 /* DeviceActivityMonitorExtension.swift */,
			);
			path = DeviceMonitor;
			sourceTree = "<group>";
		};
		BC23BD1E885B5D02B32FA95A /* Derived */ = {
			isa = PBXGroup;
			children = (
				4B186EAAC510F047FF8DE84C /* Entitlements */,
				CDC0778CF7D9828962717328 /* InfoPlists */,
			);
			path = Derived;
			sourceTree = "<group>";
		};
		CDC0778CF7D9828962717328 /* InfoPlists */ = {
			isa = PBXGroup;
			children = (
				9A95B26F3F92D6C734BF0A2E /* AgentApp-Info.plist */,
				66C69D1E6FCE9D46163665D7 /* DeviceMonitor-Info.plist */,
			);
			path = InfoPlists;
			sourceTree = "<group>";
		};
/* End PBXGroup section */

/* Begin PBXNativeTarget section */
		449C9D58046050D777BEC872 /* DeviceMonitor */ = {
			isa = PBXNativeTarget;
			buildConfigurationList = A22E32AB4F952203C4B3705E /* Build configuration list for PBXNativeTarget "DeviceMonitor" */;
			buildPhases = (
				D6ABFF7AB993AD9F19C270CE /* Sources */,
				F911C195BA4CFD15D8181377 /* Resources */,
				298B08BC980FDD67FB5F48AA /* Frameworks */,
				18D25E69595FB76B48B4A4B5 /* Embed Frameworks */,
			);
			buildRules = (
			);
			dependencies = (
			);
			name = DeviceMonitor;
			packageProductDependencies = (
			);
			productName = DeviceMonitor;
			productReference = 366BF51CB3F95A891DA5CD69 /* DeviceMonitor.appex */;
			productType = "com.apple.product-type.app-extension";
		};
		63BD1014B38A6B3CB60AE6DB /* AgentApp */ = {
			isa = PBXNativeTarget;
			buildConfigurationList = 08477A7861C86C88CB8A912C /* Build configuration list for PBXNativeTarget "AgentApp" */;
			buildPhases = (
				B9616056BB140FD8BA8BC12D /* Sources */,
				A2D88933C0C278D0A4D0FAF0 /* Resources */,
				6AB9BE0E384B395E90A54F17 /* Embed Foundation Extensions */,
				298ADACAC4CAA9376EC94C74 /* Frameworks */,
				DD3F29375631EBA6584889C4 /* Embed Frameworks */,
			);
			buildRules = (
			);
			dependencies = (
				8F7461C4779B3D09D51EF51D /* PBXTargetDependency */,
			);
			name = AgentApp;
			packageProductDependencies = (
			);
			productName = AgentApp;
			productReference = 825B70D99FE0285C955C0703 /* AgentApp.app */;
			productType = "com.apple.product-type.application";
		};
/* End PBXNativeTarget section */

/* Begin PBXProject section */
		60CD07B779F0ABE19D0C0982 /* Project object */ = {
			isa = PBXProject;
			attributes = {
				BuildIndependentTargetsInParallel = YES;
				ORGANIZATIONNAME = Aspira;
				TargetAttributes = {
				};
			};
			buildConfigurationList = 2859B542A4B455BBA2B93BA5 /* Build configuration list for PBXProject "AgentApp" */;
			compatibilityVersion = "Xcode 14.0";
			developmentRegion = en;
			hasScannedForEncodings = 0;
			knownRegions = (
				Base,
				en,
			);
			mainGroup = 8960799B4BEA61A654388950;
			productRefGroup = 73ACD115F2B5D2509ECA864C /* Products */;
			projectDirPath = "";
			projectRoot = "";
			targets = (
				63BD1014B38A6B3CB60AE6DB /* AgentApp */,
				449C9D58046050D777BEC872 /* DeviceMonitor */,
			);
		};
/* End PBXProject section */

/* Begin PBXResourcesBuildPhase section */
		A2D88933C0C278D0A4D0FAF0 /* Resources */ = {
			isa = PBXResourcesBuildPhase;
			buildActionMask = 2147483647;
			files = (
			);
			runOnlyForDeploymentPostprocessing = 0;
		};
		F911C195BA4CFD15D8181377 /* Resources */ = {
			isa = PBXResourcesBuildPhase;
			buildActionMask = 2147483647;
			files = (
			);
			runOnlyForDeploymentPostprocessing = 0;
		};
/* End PBXResourcesBuildPhase section */

/* Begin PBXSourcesBuildPhase section */
		B9616056BB140FD8BA8BC12D /* Sources */ = {
			isa = PBXSourcesBuildPhase;
			buildActionMask = 2147483647;
			files = (
				6FC542BCB917CB668D5AFA74 /* AgentAppApp.swift in Sources */,
				434ABAA6B5205D81E1CC0ED7 /* AppConstants.swift in Sources */,
				691CC3458B261DDC4C960030 /* DeviceStatus.swift in Sources */,
				A96EFC62A00809AEAFD37AF0 /* UsageStats.swift in Sources */,
				14F63D0DD17498F8D19281CE /* ReportService.swift in Sources */,
				5A72BA19915CC1D760A125FD /* StatusCollector.swift in Sources */,
				4A73D575E95F724DCC93C6C0 /* StatusManager.swift in Sources */,
				E6B09C87F3A318555BC7C1CC /* UsageService.swift in Sources */,
				A7A19AA02D8860CC3FD3F0B9 /* DashboardView.swift in Sources */,
				022CD1EDE0D8FD24E79D7EC4 /* SettingsView.swift in Sources */,
			);
			runOnlyForDeploymentPostprocessing = 0;
		};
		D6ABFF7AB993AD9F19C270CE /* Sources */ = {
			isa = PBXSourcesBuildPhase;
			buildActionMask = 2147483647;
			files = (
				6DB3216AFA4FB0CDAC8A2409 /* DeviceActivityMonitorExtension.swift in Sources */,
			);
			runOnlyForDeploymentPostprocessing = 0;
		};
/* End PBXSourcesBuildPhase section */

/* Begin PBXTargetDependency section */
		8F7461C4779B3D09D51EF51D /* PBXTargetDependency */ = {
			isa = PBXTargetDependency;
			name = DeviceMonitor;
			target = 449C9D58046050D777BEC872 /* DeviceMonitor */;
			targetProxy = A838FBA8CFA781976A526ECE /* PBXContainerItemProxy */;
		};
/* End PBXTargetDependency section */

/* Begin XCBuildConfiguration section */
		243E6839EDE4A871DAB2BF2F /* Release */ = {
			isa = XCBuildConfiguration;
			buildSettings = {
				ALWAYS_SEARCH_USER_PATHS = NO;
				CLANG_ANALYZER_LOCALIZABILITY_NONLOCALIZED = YES;
				CLANG_ANALYZER_NONNULL = YES;
				CLANG_ANALYZER_NUMBER_OBJECT_CONVERSION = YES_AGGRESSIVE;
				CLANG_CXX_LANGUAGE_STANDARD = "gnu++14";
				CLANG_CXX_LIBRARY = "libc++";
				CLANG_ENABLE_MODULES = YES;
				CLANG_ENABLE_OBJC_ARC = YES;
				CLANG_ENABLE_OBJC_WEAK = YES;
				CLANG_WARN_BLOCK_CAPTURE_AUTORELEASING = YES;
				CLANG_WARN_BOOL_CONVERSION = YES;
				CLANG_WARN_COMMA = YES;
				CLANG_WARN_CONSTANT_CONVERSION = YES;
				CLANG_WARN_DEPRECATED_OBJC_IMPLEMENTATIONS = YES;
				CLANG_WARN_DIRECT_OBJC_ISA_USAGE = YES_ERROR;
				CLANG_WARN_DOCUMENTATION_COMMENTS = YES;
				CLANG_WARN_EMPTY_BODY = YES;
				CLANG_WARN_ENUM_CONVERSION = YES;
				CLANG_WARN_INFINITE_RECURSION = YES;
				CLANG_WARN_INT_CONVERSION = YES;
				CLANG_WARN_NON_LITERAL_NULL_CONVERSION = YES;
				CLANG_WARN_OBJC_IMPLICIT_RETAIN_SELF = YES;
				CLANG_WARN_OBJC_LITERAL_CONVERSION = YES;
				CLANG_WARN_OBJC_ROOT_CLASS = YES_ERROR;
				CLANG_WARN_QUOTED_INCLUDE_IN_FRAMEWORK_HEADER = YES;
				CLANG_WARN_RANGE_LOOP_ANALYSIS = YES;
				CLANG_WARN_STRICT_PROTOTYPES = YES;
				CLANG_WARN_SUSPICIOUS_MOVE = YES;
				CLANG_WARN_UNGUARDED_AVAILABILITY = YES_AGGRESSIVE;
				CLANG_WARN_UNREACHABLE_CODE = YES;
				CLANG_WARN__DUPLICATE_METHOD_MATCH = YES;
				CODE_SIGN_STYLE = Manual;
				COPY_PHASE_STRIP = NO;
				DEAD_CODE_STRIPPING = YES;
				DEBUG_INFORMATION_FORMAT = "dwarf-with-dsym";
				DEVELOPMENT_TEAM = UK774VN48M;
				ENABLE_NS_ASSERTIONS = NO;
				ENABLE_STRICT_OBJC_MSGSEND = YES;
				GCC_C_LANGUAGE_STANDARD = gnu11;
				GCC_NO_COMMON_BLOCKS = YES;
				GCC_WARN_64_TO_32_BIT_CONVERSION = YES;
				GCC_WARN_ABOUT_RETURN_TYPE = YES_ERROR;
				GCC_WARN_UNDECLARED_SELECTOR = YES;
				GCC_WARN_UNINITIALIZED_AUTOS = YES_AGGRESSIVE;
				GCC_WARN_UNUSED_FUNCTION = YES;
				GCC_WARN_UNUSED_VARIABLE = YES;
				MTL_ENABLE_DEBUG_INFO = NO;
				PRODUCT_NAME = "$(TARGET_NAME)";
				VALIDATE_PRODUCT = YES;
			};
			name = Release;
		};
		3CDF94CB24EECEC5DBC94317 /* Release */ = {
			isa = XCBuildConfiguration;
			buildSettings = {
				ASSETCATALOG_COMPILER_APPICON_NAME = AppIcon;
				ASSETCATALOG_COMPILER_GLOBAL_ACCENT_COLOR_NAME = AccentColor;
				CODE_SIGN_ENTITLEMENTS = Derived/Entitlements/AgentApp.entitlements;
				CODE_SIGN_IDENTITY = "iPhone Developer";
				ENABLE_PREVIEWS = YES;
				FRAMEWORK_SEARCH_PATHS = (
					"$(inherited)",
					"$(SRCROOT)/Frameworks",
				);
				INFOPLIST_FILE = "Derived/InfoPlists/AgentApp-Info.plist";
				IPHONEOS_DEPLOYMENT_TARGET = 17.0;
				LD_RUNPATH_SEARCH_PATHS = (
					"$(inherited)",
					"@executable_path/Frameworks",
				);
				PRODUCT_BUNDLE_IDENTIFIER = com.aspira.agent.app;
				PRODUCT_NAME = AgentApp;
				PROVISIONING_PROFILE_SPECIFIER = "match Development com.aspira.agent.app";
				SDKROOT = iphoneos;
				SUPPORTS_MACCATALYST = NO;
				SUPPORTS_MAC_DESIGNED_FOR_IPHONE_IPAD = NO;
				SUPPORTS_XR_DESIGNED_FOR_IPHONE_IPAD = NO;
				SWIFT_COMPILATION_MODE = wholemodule;
				SWIFT_OPTIMIZATION_LEVEL = "-O";
				SWIFT_VERSION = 5.0;
				TARGETED_DEVICE_FAMILY = "1,2";
			};
			name = Release;
		};
		5F42CFD2D37BF04DE50B1AE2 /* Debug */ = {
			isa = XCBuildConfiguration;
			buildSettings = {
				CODE_SIGN_ENTITLEMENTS = Derived/Entitlements/DeviceMonitor.entitlements;
				CODE_SIGN_IDENTITY = "iPhone Developer";
				FRAMEWORK_SEARCH_PATHS = (
					"$(inherited)",
					"$(SRCROOT)/Frameworks",
				);
				INFOPLIST_FILE = "Derived/InfoPlists/DeviceMonitor-Info.plist";
				IPHONEOS_DEPLOYMENT_TARGET = 17.0;
				LD_RUNPATH_SEARCH_PATHS = (
					"$(inherited)",
					"@executable_path/Frameworks",
					"@executable_path/../../Frameworks",
				);
				PRODUCT_BUNDLE_IDENTIFIER = com.aspira.agent.app.devicemonitor;
				PRODUCT_NAME = DeviceMonitor;
				PROVISIONING_PROFILE_SPECIFIER = "match Development com.aspira.agent.app.devicemonitor";
				SDKROOT = iphoneos;
				SUPPORTS_MACCATALYST = NO;
				SUPPORTS_MAC_DESIGNED_FOR_IPHONE_IPAD = NO;
				SUPPORTS_XR_DESIGNED_FOR_IPHONE_IPAD = NO;
				SWIFT_ACTIVE_COMPILATION_CONDITIONS = (
					"$(inherited)",
					DEBUG,
				);
				SWIFT_COMPILATION_MODE = singlefile;
				SWIFT_OPTIMIZATION_LEVEL = "-Onone";
				SWIFT_VERSION = 5.0;
				TARGETED_DEVICE_FAMILY = "1,2";
			};
			name = Debug;
		};
		9175314494573AB348D8CDFA /* Debug */ = {
			isa = XCBuildConfiguration;
			buildSettings = {
				ASSETCATALOG_COMPILER_APPICON_NAME = AppIcon;
				ASSETCATALOG_COMPILER_GLOBAL_ACCENT_COLOR_NAME = AccentColor;
				CODE_SIGN_ENTITLEMENTS = Derived/Entitlements/AgentApp.entitlements;
				CODE_SIGN_IDENTITY = "iPhone Developer";
				ENABLE_PREVIEWS = YES;
				FRAMEWORK_SEARCH_PATHS = (
					"$(inherited)",
					"$(SRCROOT)/Frameworks",
				);
				INFOPLIST_FILE = "Derived/InfoPlists/AgentApp-Info.plist";
				IPHONEOS_DEPLOYMENT_TARGET = 17.0;
				LD_RUNPATH_SEARCH_PATHS = (
					"$(inherited)",
					"@executable_path/Frameworks",
				);
				PRODUCT_BUNDLE_IDENTIFIER = com.aspira.agent.app;
				PRODUCT_NAME = AgentApp;
				PROVISIONING_PROFILE_SPECIFIER = "match Development com.aspira.agent.app";
				SDKROOT = iphoneos;
				SUPPORTS_MACCATALYST = NO;
				SUPPORTS_MAC_DESIGNED_FOR_IPHONE_IPAD = NO;
				SUPPORTS_XR_DESIGNED_FOR_IPHONE_IPAD = NO;
				SWIFT_ACTIVE_COMPILATION_CONDITIONS = (
					"$(inherited)",
					DEBUG,
				);
				SWIFT_COMPILATION_MODE = singlefile;
				SWIFT_OPTIMIZATION_LEVEL = "-Onone";
				SWIFT_VERSION = 5.0;
				TARGETED_DEVICE_FAMILY = "1,2";
			};
			name = Debug;
		};
		ADE6CE3A221A34A8E1B11D0B /* Release */ = {
			isa = XCBuildConfiguration;
			buildSettings = {
				CODE_SIGN_ENTITLEMENTS = Derived/Entitlements/DeviceMonitor.entitlements;
				CODE_SIGN_IDENTITY = "iPhone Developer";
				FRAMEWORK_SEARCH_PATHS = (
					"$(inherited)",
					"$(SRCROOT)/Frameworks",
				);
				INFOPLIST_FILE = "Derived/InfoPlists/DeviceMonitor-Info.plist";
				IPHONEOS_DEPLOYMENT_TARGET = 17.0;
				LD_RUNPATH_SEARCH_PATHS = (
					"$(inherited)",
					"@executable_path/Frameworks",
					"@executable_path/../../Frameworks",
				);
				PRODUCT_BUNDLE_IDENTIFIER = com.aspira.agent.app.devicemonitor;
				PRODUCT_NAME = DeviceMonitor;
				PROVISIONING_PROFILE_SPECIFIER = "match Development com.aspira.agent.app.devicemonitor";
				SDKROOT = iphoneos;
				SUPPORTS_MACCATALYST = NO;
				SUPPORTS_MAC_DESIGNED_FOR_IPHONE_IPAD = NO;
				SUPPORTS_XR_DESIGNED_FOR_IPHONE_IPAD = NO;
				SWIFT_COMPILATION_MODE = wholemodule;
				SWIFT_OPTIMIZATION_LEVEL = "-O";
				SWIFT_VERSION = 5.0;
				TARGETED_DEVICE_FAMILY = "1,2";
			};
			name = Release;
		};
		ECDF325DC28BFF265933AF5E /* Debug */ = {
			isa = XCBuildConfiguration;
			buildSettings = {
				ALWAYS_SEARCH_USER_PATHS = NO;
				CLANG_ANALYZER_LOCALIZABILITY_NONLOCALIZED = YES;
				CLANG_ANALYZER_NONNULL = YES;
				CLANG_ANALYZER_NUMBER_OBJECT_CONVERSION = YES_AGGRESSIVE;
				CLANG_CXX_LANGUAGE_STANDARD = "gnu++14";
				CLANG_CXX_LIBRARY = "libc++";
				CLANG_ENABLE_MODULES = YES;
				CLANG_ENABLE_OBJC_ARC = YES;
				CLANG_ENABLE_OBJC_WEAK = YES;
				CLANG_WARN_BLOCK_CAPTURE_AUTORELEASING = YES;
				CLANG_WARN_BOOL_CONVERSION = YES;
				CLANG_WARN_COMMA = YES;
				CLANG_WARN_CONSTANT_CONVERSION = YES;
				CLANG_WARN_DEPRECATED_OBJC_IMPLEMENTATIONS = YES;
				CLANG_WARN_DIRECT_OBJC_ISA_USAGE = YES_ERROR;
				CLANG_WARN_DOCUMENTATION_COMMENTS = YES;
				CLANG_WARN_EMPTY_BODY = YES;
				CLANG_WARN_ENUM_CONVERSION = YES;
				CLANG_WARN_INFINITE_RECURSION = YES;
				CLANG_WARN_INT_CONVERSION = YES;
				CLANG_WARN_NON_LITERAL_NULL_CONVERSION = YES;
				CLANG_WARN_OBJC_IMPLICIT_RETAIN_SELF = YES;
				CLANG_WARN_OBJC_LITERAL_CONVERSION = YES;
				CLANG_WARN_OBJC_ROOT_CLASS = YES_ERROR;
				CLANG_WARN_QUOTED_INCLUDE_IN_FRAMEWORK_HEADER = YES;
				CLANG_WARN_RANGE_LOOP_ANALYSIS = YES;
				CLANG_WARN_STRICT_PROTOTYPES = YES;
				CLANG_WARN_SUSPICIOUS_MOVE = YES;
				CLANG_WARN_UNGUARDED_AVAILABILITY = YES_AGGRESSIVE;
				CLANG_WARN_UNREACHABLE_CODE = YES;
				CLANG_WARN__DUPLICATE_METHOD_MATCH = YES;
				CODE_SIGN_STYLE = Manual;
				COPY_PHASE_STRIP = NO;
				DEAD_CODE_STRIPPING = YES;
				DEBUG_INFORMATION_FORMAT = dwarf;
				DEVELOPMENT_TEAM = UK774VN48M;
				ENABLE_STRICT_OBJC_MSGSEND = YES;
				ENABLE_TESTABILITY = YES;
				GCC_C_LANGUAGE_STANDARD = gnu11;
				GCC_DYNAMIC_NO_PIC = NO;
				GCC_NO_COMMON_BLOCKS = YES;
				GCC_OPTIMIZATION_LEVEL = 0;
				GCC_PREPROCESSOR_DEFINITIONS = (
					"DEBUG=1",
					"$(inherited)",
				);
				GCC_WARN_64_TO_32_BIT_CONVERSION = YES;
				GCC_WARN_ABOUT_RETURN_TYPE = YES_ERROR;
				GCC_WARN_UNDECLARED_SELECTOR = YES;
				GCC_WARN_UNINITIALIZED_AUTOS = YES_AGGRESSIVE;
				GCC_WARN_UNUSED_FUNCTION = YES;
				GCC_WARN_UNUSED_VARIABLE = YES;
				MTL_ENABLE_DEBUG_INFO = YES;
				ONLY_ACTIVE_ARCH = YES;
				PRODUCT_NAME = "$(TARGET_NAME)";
			};
			name = Debug;
		};
/* End XCBuildConfiguration section */

/* Begin XCConfigurationList section */
		08477A7861C86C88CB8A912C /* Build configuration list for PBXNativeTarget "AgentApp" */ = {
			isa = XCConfigurationList;
			buildConfigurations = (
				9175314494573AB348D8CDFA /* Debug */,
				3CDF94CB24EECEC5DBC94317 /* Release */,
			);
			defaultConfigurationIsVisible = 0;
			defaultConfigurationName = Release;
		};
		2859B542A4B455BBA2B93BA5 /* Build configuration list for PBXProject "AgentApp" */ = {
			isa = XCConfigurationList;
			buildConfigurations = (
				ECDF325DC28BFF265933AF5E /* Debug */,
				243E6839EDE4A871DAB2BF2F /* Release */,
			);
			defaultConfigurationIsVisible = 0;
			defaultConfigurationName = Release;
		};
		A22E32AB4F952203C4B3705E /* Build configuration list for PBXNativeTarget "DeviceMonitor" */ = {
			isa = XCConfigurationList;
			buildConfigurations = (
				5F42CFD2D37BF04DE50B1AE2 /* Debug */,
				ADE6CE3A221A34A8E1B11D0B /* Release */,
			);
			defaultConfigurationIsVisible = 0;
			defaultConfigurationName = Release;
		};
/* End XCConfigurationList section */
	};
	rootObject = 60CD07B779F0ABE19D0C0982 /* Project object */;
}
